
Microsoft Visual Studio Solution File, Format Version 12.00
# Visual Studio 2013
VisualStudioVersion = 12.0.30501.0
MinimumVisualStudioVersion = 10.0.40219.1
Project("{FAE04EC0-301F-11D3-BF4B-00C04F79EFBC}") = "lib12", "lib12\lib12.csproj", "{B1ECAE76-99C3-41A1-8CCE-0C1D1FCA4099}"
EndProject
Project("{FAE04EC0-301F-11D3-BF4B-00C04F79EFBC}") = "lib12.Test", "lib12.Test\lib12.Test.csproj", "{F69EFF29-ABA2-4509-BA85-7C0AD4BC6F08}"
EndProject
Global
	GlobalSection(SubversionScc) = preSolution
		Svn-Managed = True
		Manager = AnkhSVN - Subversion Support for Visual Studio
	EndGlobalSection
	GlobalSection(SolutionConfigurationPlatforms) = preSolution
		Debug|Any CPU = Debug|Any CPU
		Debug|Mixed Platforms = Debug|Mixed Platforms
		Debug|x86 = Debug|x86
		Release|Any CPU = Release|Any CPU
		Release|Mixed Platforms = Release|Mixed Platforms
		Release|x86 = Release|x86
	EndGlobalSection
	GlobalSection(ProjectConfigurationPlatforms) = postSolution
		{B1ECAE76-99C3-41A1-8CCE-0C1D1FCA4099}.Debug|Any CPU.ActiveCfg = Debug|Any CPU
		{B1ECAE76-99C3-41A1-8CCE-0C1D1FCA4099}.Debug|Any CPU.Build.0 = Debug|Any CPU
		{B1ECAE76-99C3-41A1-8CCE-0C1D1FCA4099}.Debug|Mixed Platforms.ActiveCfg = Debug|Any CPU
		{B1ECAE76-99C3-41A1-8CCE-0C1D1FCA4099}.Debug|Mixed Platforms.Build.0 = Debug|Any CPU
		{B1ECAE76-99C3-41A1-8CCE-0C1D1FCA4099}.Debug|x86.ActiveCfg = Debug|Any CPU
		{B1ECAE76-99C3-41A1-8CCE-0C1D1FCA4099}.Release|Any CPU.ActiveCfg = Release|Any CPU
		{B1ECAE76-99C3-41A1-8CCE-0C1D1FCA4099}.Release|Any CPU.Build.0 = Release|Any CPU
		{B1ECAE76-99C3-41A1-8CCE-0C1D1FCA4099}.Release|Mixed Platforms.ActiveCfg = Release|Any CPU
		{B1ECAE76-99C3-41A1-8CCE-0C1D1FCA4099}.Release|Mixed Platforms.Build.0 = Release|Any CPU
		{B1ECAE76-99C3-41A1-8CCE-0C1D1FCA4099}.Release|x86.ActiveCfg = Release|Any CPU
		{F69EFF29-ABA2-4509-BA85-7C0AD4BC6F08}.Debug|Any CPU.ActiveCfg = Debug|Any CPU
		{F69EFF29-ABA2-4509-BA85-7C0AD4BC6F08}.Debug|Any CPU.Build.0 = Debug|Any CPU
		{F69EFF29-ABA2-4509-BA85-7C0AD4BC6F08}.Debug|Mixed Platforms.ActiveCfg = Debug|Any CPU
		{F69EFF29-ABA2-4509-BA85-7C0AD4BC6F08}.Debug|Mixed Platforms.Build.0 = Debug|Any CPU
		{F69EFF29-ABA2-4509-BA85-7C0AD4BC6F08}.Debug|x86.ActiveCfg = Debug|Any CPU
		{F69EFF29-ABA2-4509-BA85-7C0AD4BC6F08}.Release|Any CPU.ActiveCfg = Release|Any CPU
		{F69EFF29-ABA2-4509-BA85-7C0AD4BC6F08}.Release|Any CPU.Build.0 = Release|Any CPU
		{F69EFF29-ABA2-4509-BA85-7C0AD4BC6F08}.Release|Mixed Platforms.ActiveCfg = Release|Any CPU
		{F69EFF29-ABA2-4509-BA85-7C0AD4BC6F08}.Release|Mixed Platforms.Build.0 = Release|Any CPU
		{F69EFF29-ABA2-4509-BA85-7C0AD4BC6F08}.Release|x86.ActiveCfg = Release|Any CPU
	EndGlobalSection
	GlobalSection(SolutionProperties) = preSolution
		HideSolutionNode = FALSE
	EndGlobalSection
	GlobalSection(TestCaseManagementSettings) = postSolution
		CategoryFile = lib12.vsmdi
	EndGlobalSection
EndGlobal
